
Microsoft Visual Studio Solution File, Format Version 12.00
# Visual Studio Version 17
VisualStudioVersion = 17.11.35219.272
MinimumVisualStudioVersion = 10.0.40219.1
Project("{FAE04EC0-301F-11D3-BF4B-00C04F79EFBC}") = "PrimeiraAplicacao", "PrimeiraAplicacao\PrimeiraAplicacao.csproj", "{D83053D0-25DA-452D-8DA0-91B3A5794EEA}"
EndProject
Global
	GlobalSection(SolutionConfigurationPlatforms) = preSolution
		Debug|Any CPU = Debug|Any CPU
		Release|Any CPU = Release|Any CPU
	EndGlobalSection
	GlobalSection(ProjectConfigurationPlatforms) = postSolution
		{D83053D0-25DA-452D-8DA0-91B3A5794EEA}.Debug|Any CPU.ActiveCfg = Debug|Any CPU
		{D83053D0-25DA-452D-8DA0-91B3A5794EEA}.Debug|Any CPU.Build.0 = Debug|Any CPU
		{D83053D0-25DA-452D-8DA0-91B3A5794EEA}.Release|Any CPU.ActiveCfg = Release|Any CPU
		{D83053D0-25DA-452D-8DA0-91B3A5794EEA}.Release|Any CPU.Build.0 = Release|Any CPU
	EndGlobalSection
	GlobalSection(SolutionProperties) = preSolution
		HideSolutionNode = FALSE
	EndGlobalSection
	GlobalSection(ExtensibilityGlobals) = postSolution
		SolutionGuid = {7DAEB7E0-567A-4FDA-B68A-7CBE5B6FC38F}
	EndGlobalSection
EndGlobal
